
Microsoft Visual Studio Solution File, Format Version 12.00
# Visual Studio Version 17
VisualStudioVersion = 17.2.32519.379
MinimumVisualStudioVersion = 10.0.40219.1
Project("{8BC9CEB8-8B4A-11D0-8D11-00A0C91BC942}") = "HomeTask_2.2", "HomeTask_2.2\HomeTask_2.2.vcxproj", "{17E1BC7C-49E1-4F71-AB6C-B3EB0F3AF9A1}"
EndProject
Global
	GlobalSection(SolutionConfigurationPlatforms) = preSolution
		Debug|x64 = Debug|x64
		Debug|x86 = Debug|x86
		Release|x64 = Release|x64
		Release|x86 = Release|x86
	EndGlobalSection
	GlobalSection(ProjectConfigurationPlatforms) = postSolution
		{17E1BC7C-49E1-4F71-AB6C-B3EB0F3AF9A1}.Debug|x64.ActiveCfg = Debug|x64
		{17E1BC7C-49E1-4F71-AB6C-B3EB0F3AF9A1}.Debug|x64.Build.0 = Debug|x64
		{17E1BC7C-49E1-4F71-AB6C-B3EB0F3AF9A1}.Debug|x86.ActiveCfg = Debug|Win32
		{17E1BC7C-49E1-4F71-AB6C-B3EB0F3AF9A1}.Debug|x86.Build.0 = Debug|Win32
		{17E1BC7C-49E1-4F71-AB6C-B3EB0F3AF9A1}.Release|x64.ActiveCfg = Release|x64
		{17E1BC7C-49E1-4F71-AB6C-B3EB0F3AF9A1}.Release|x64.Build.0 = Release|x64
		{17E1BC7C-49E1-4F71-AB6C-B3EB0F3AF9A1}.Release|x86.ActiveCfg = Release|Win32
		{17E1BC7C-49E1-4F71-AB6C-B3EB0F3AF9A1}.Release|x86.Build.0 = Release|Win32
	EndGlobalSection
	GlobalSection(SolutionProperties) = preSolution
		HideSolutionNode = FALSE
	EndGlobalSection
	GlobalSection(ExtensibilityGlobals) = postSolution
		SolutionGuid = {3899F277-BBB6-4D9B-BC9B-43412824ABF7}
	EndGlobalSection
EndGlobal
